{
  "name": "hlcl",
  "version": "1.0.0",
  "lockfileVersion": 3,
  "requires": true,
  "packages": {
    "": {
      "name": "hlcl",
      "version": "1.0.0",
      "license": "GPL-3.0-or-later",
      "dependencies": {
        "mcstructure-js": "^1.1.0",
        "project-mirror-registry": "^1.1.1"
      }
    },
    "node_modules/mcstructure-js": {
      "version": "1.1.0",
      "resolved": "https://registry.npmjs.org/mcstructure-js/-/mcstructure-js-1.1.0.tgz",
      "integrity": "sha512-IGu/qe587EJMMdWn7q8kTx3ZrUOB56OhxqScKMsC93AJR8lS/AETe963Z6Swg5XdGmRa47+DgYcatOStf0tVMQ==",
      "dependencies": {
        "parsenbt-js": "^3.0.4",
        "project-mirror-registry": "^1.1.0"
      }
    },
    "node_modules/parsenbt-js": {
      "version": "3.1.0",
      "resolved": "https://registry.npmjs.org/parsenbt-js/-/parsenbt-js-3.1.0.tgz",
      "integrity": "sha512-DpcFeWf3SzmPfp0oTaZbFYhBmQy7qJjxHH/hoykqSAXqcVKDRV/mm4VNgsQA/NRGVZZsAH7Ft3H2wrl3u/MWWg=="
    },
    "node_modules/project-mirror-registry": {
      "version": "1.1.1",
      "resolved": "https://registry.npmjs.org/project-mirror-registry/-/project-mirror-registry-1.1.1.tgz",
      "integrity": "sha512-atDgUoF3QL7ltOoi+8xQE489equa0YP2n+2EUIilolA7KOZ/Xvwjs9TFMC9twcN4SpuTH+3uDPUAjLVrBm2uOA==",
      "dependencies": {
        "parsenbt-js": "^3.1.0"
      }
    }
  }
}
