{
  "name": "hlcl",
  "version": "1.0.0",
  "lockfileVersion": 3,
  "requires": true,
  "packages": {
    "": {
      "name": "hlcl",
      "version": "1.0.0",
      "license": "GPL-3.0-or-later",
      "dependencies": {
        "parsenbt-js": "^1.1.2"
      }
    },
    "node_modules/parsenbt-js": {
      "version": "1.1.2",
      "resolved": "https://registry.npmjs.org/parsenbt-js/-/parsenbt-js-1.1.2.tgz",
      "integrity": "sha512-Y+3zsPAb7NUtl0O49PjCRRRRb/L9bw+HVidOSiYicZ3yVzbt9z2RWpWYl1QffzygsPx/uZEhivWqaZnWt2PMZA=="
    }
  }
}
